
Microsoft Visual Studio Solution File, Format Version 12.00
# Visual Studio Version 16
VisualStudioVersion = 16.0.30503.244
MinimumVisualStudioVersion = 10.0.40219.1
Project("{FAE04EC0-301F-11D3-BF4B-00C04F79EFBC}") = "chess desk", "chess desk\chess desk.csproj", "{2BB3A825-290D-4FD5-BBE3-AACF7EDF40F2}"
EndProject
Global
	GlobalSection(SolutionConfigurationPlatforms) = preSolution
		Debug|Any CPU = Debug|Any CPU
		Release|Any CPU = Release|Any CPU
	EndGlobalSection
	GlobalSection(ProjectConfigurationPlatforms) = postSolution
		{2BB3A825-290D-4FD5-BBE3-AACF7EDF40F2}.Debug|Any CPU.ActiveCfg = Debug|Any CPU
		{2BB3A825-290D-4FD5-BBE3-AACF7EDF40F2}.Debug|Any CPU.Build.0 = Debug|Any CPU
		{2BB3A825-290D-4FD5-BBE3-AACF7EDF40F2}.Release|Any CPU.ActiveCfg = Release|Any CPU
		{2BB3A825-290D-4FD5-BBE3-AACF7EDF40F2}.Release|Any CPU.Build.0 = Release|Any CPU
	EndGlobalSection
	GlobalSection(SolutionProperties) = preSolution
		HideSolutionNode = FALSE
	EndGlobalSection
	GlobalSection(ExtensibilityGlobals) = postSolution
		SolutionGuid = {18D7B71E-A74C-4E02-A33E-35850484A3F6}
	EndGlobalSection
EndGlobal
